lockfileVersion: '6.0'

settings:
  autoInstallPeers: true
  excludeLinksFromLockfile: false

dependencies:
  temporal-polyfill:
    specifier: ^0.2.3
    version: 0.2.3

devDependencies:
  '@types/node':
    specifier: ^20.11.30
    version: 20.11.30
  typescript:
    specifier: ^5.4.3
    version: 5.4.3

packages:

  /@types/node@20.11.30:
    resolution: {integrity: sha512-dHM6ZxwlmuZaRmUPfv1p+KrdD1Dci04FbdEm/9wEMouFqxYoFl5aMkt0VMAUtYRQDyYvD41WJLukhq/ha3YuTw==}
    dependencies:
      undici-types: 5.26.5
    dev: true

  /temporal-polyfill@0.2.3:
    resolution: {integrity: sha512-7ZJRc7wq/1XjrOQYkkNpgo2qfE9XLrUU8D/DS+LAC/T0bYqZ46rW6dow0sOTXTPZS4bwer8bD/0OyuKQBfA3yw==}
    dependencies:
      temporal-spec: 0.2.0
    dev: false

  /temporal-spec@0.2.0:
    resolution: {integrity: sha512-r1AT0XdEp8TMQ13FLvOt8mOtAxDQsRt2QU5rSWCA7YfshddU651Y1NHVrceLANvixKdf9fYO8B/S9fXHodB7HQ==}
    dev: false

  /typescript@5.4.3:
    resolution: {integrity: sha512-KrPd3PKaCLr78MalgiwJnA25Nm8HAmdwN3mYUYZgG/wizIo9EainNVQI9/yDavtVFRN2h3k8uf3GLHuhDMgEHg==}
    engines: {node: '>=14.17'}
    hasBin: true
    dev: true

  /undici-types@5.26.5:
    resolution: {integrity: sha512-JlCMO+ehdEIKqlFxk6IfVoAUVmgz7cU7zD/h9XZ0qzeosSHmUJVOzSQvvYSYWXkFXC+IfLKSIffhv0sVZup6pA==}
    dev: true
